
Microsoft Visual Studio Solution File, Format Version 12.00
# Visual Studio 15
VisualStudioVersion = 15.0.28307.438
MinimumVisualStudioVersion = 10.0.40219.1
Project("{FAE04EC0-301F-11D3-BF4B-00C04F79EFBC}") = "RabbitSender", "RabbitMQ\RabbitSender.csproj", "{87126C90-B6C7-4CE5-B2C9-BFEFF07C3658}"
EndProject
Project("{FAE04EC0-301F-11D3-BF4B-00C04F79EFBC}") = "RabbitReceiver", "RabbitReceiver\RabbitReceiver.csproj", "{5C86C006-1F61-434C-9AFC-E03509965392}"
EndProject
Global
	GlobalSection(SolutionConfigurationPlatforms) = preSolution
		Debug|Any CPU = Debug|Any CPU
		Release|Any CPU = Release|Any CPU
	EndGlobalSection
	GlobalSection(ProjectConfigurationPlatforms) = postSolution
		{87126C90-B6C7-4CE5-B2C9-BFEFF07C3658}.Debug|Any CPU.ActiveCfg = Debug|Any CPU
		{87126C90-B6C7-4CE5-B2C9-BFEFF07C3658}.Debug|Any CPU.Build.0 = Debug|Any CPU
		{87126C90-B6C7-4CE5-B2C9-BFEFF07C3658}.Release|Any CPU.ActiveCfg = Release|Any CPU
		{87126C90-B6C7-4CE5-B2C9-BFEFF07C3658}.Release|Any CPU.Build.0 = Release|Any CPU
		{5C86C006-1F61-434C-9AFC-E03509965392}.Debug|Any CPU.ActiveCfg = Debug|Any CPU
		{5C86C006-1F61-434C-9AFC-E03509965392}.Debug|Any CPU.Build.0 = Debug|Any CPU
		{5C86C006-1F61-434C-9AFC-E03509965392}.Release|Any CPU.ActiveCfg = Release|Any CPU
		{5C86C006-1F61-434C-9AFC-E03509965392}.Release|Any CPU.Build.0 = Release|Any CPU
	EndGlobalSection
	GlobalSection(SolutionProperties) = preSolution
		HideSolutionNode = FALSE
	EndGlobalSection
	GlobalSection(ExtensibilityGlobals) = postSolution
		SolutionGuid = {6706513B-FCAB-4CF5-A0E6-6F24CC156D51}
	EndGlobalSection
EndGlobal
